
Microsoft Visual Studio Solution File, Format Version 12.00
# Visual Studio Version 17
VisualStudioVersion = 17.6.33815.320
MinimumVisualStudioVersion = 10.0.40219.1
Project("{8BC9CEB8-8B4A-11D0-8D11-00A0C91BC942}") = "OmniChip-8", "OmniChip-8.vcxproj", "{FBBF1717-6082-47B5-AD81-B76853CEE0F2}"
EndProject
Project("{8BC9CEB8-8B4A-11D0-8D11-00A0C91BC942}") = "OmniChip8Testing", "OmniChip8Testing.vcxproj", "{A6024720-C625-4F9D-8CB4-8B91B46327C8}"
EndProject
Global
	GlobalSection(SolutionConfigurationPlatforms) = preSolution
		Debug|x64 = Debug|x64
		Debug|x86 = Debug|x86
		Release|x64 = Release|x64
		Release|x86 = Release|x86
	EndGlobalSection
	GlobalSection(ProjectConfigurationPlatforms) = postSolution
		{FBBF1717-6082-47B5-AD81-B76853CEE0F2}.Debug|x64.ActiveCfg = Debug|x64
		{FBBF1717-6082-47B5-AD81-B76853CEE0F2}.Debug|x64.Build.0 = Debug|x64
		{FBBF1717-6082-47B5-AD81-B76853CEE0F2}.Debug|x86.ActiveCfg = Debug|Win32
		{FBBF1717-6082-47B5-AD81-B76853CEE0F2}.Debug|x86.Build.0 = Debug|Win32
		{FBBF1717-6082-47B5-AD81-B76853CEE0F2}.Release|x64.ActiveCfg = Release|x64
		{FBBF1717-6082-47B5-AD81-B76853CEE0F2}.Release|x64.Build.0 = Release|x64
		{FBBF1717-6082-47B5-AD81-B76853CEE0F2}.Release|x86.ActiveCfg = Release|Win32
		{FBBF1717-6082-47B5-AD81-B76853CEE0F2}.Release|x86.Build.0 = Release|Win32
		{A6024720-C625-4F9D-8CB4-8B91B46327C8}.Debug|x64.ActiveCfg = Debug|x64
		{A6024720-C625-4F9D-8CB4-8B91B46327C8}.Debug|x64.Build.0 = Debug|x64
		{A6024720-C625-4F9D-8CB4-8B91B46327C8}.Debug|x86.ActiveCfg = Debug|Win32
		{A6024720-C625-4F9D-8CB4-8B91B46327C8}.Debug|x86.Build.0 = Debug|Win32
		{A6024720-C625-4F9D-8CB4-8B91B46327C8}.Release|x64.ActiveCfg = Release|x64
		{A6024720-C625-4F9D-8CB4-8B91B46327C8}.Release|x64.Build.0 = Release|x64
		{A6024720-C625-4F9D-8CB4-8B91B46327C8}.Release|x86.ActiveCfg = Release|Win32
		{A6024720-C625-4F9D-8CB4-8B91B46327C8}.Release|x86.Build.0 = Release|Win32
	EndGlobalSection
	GlobalSection(SolutionProperties) = preSolution
		HideSolutionNode = FALSE
	EndGlobalSection
	GlobalSection(ExtensibilityGlobals) = postSolution
		SolutionGuid = {938D7851-B422-4D32-8A42-967EAE5A69E5}
	EndGlobalSection
EndGlobal
